// !$*UTF8*$!
{
	archiveVersion = 1;
	classes = {
	};
	objectVersion = 46;
	objects = {

/* Begin PBXBuildFile section */
		338D76A71A2DEF8A003C4882 /* main.cpp in Sources */ = {isa = PBXBuildFile; fileRef = 338D76A61A2DEF8A003C4882 /* main.cpp */; };
/* End PBXBuildFile section */

/* Begin PBXCopyFilesBuildPhase section */
		338D76A11A2DEF8A003C4882 /* CopyFiles */ = {
			isa = PBXCopyFilesBuildPhase;
			buildActionMask = 2147483647;
			dstPath = /usr/share/man/man1/;
			dstSubfolderSpec = 0;
			files = (
			);
			runOnlyForDeploymentPostprocessing = 1;
		};
/* End PBXCopyFilesBuildPhase section */

/* Begin PBXFileReference section */
		338D76A31A2DEF8A003C4882 /* 2.1_binary */ = {isa = PBXFileReference; explicitFileType = "compiled.mach-o.executable"; includeInIndex = 0; path = 2.1_binary; sourceTree = BUILT_PRODUCTS_DIR; };
		338D76A61A2DEF8A003C4882 /* main.cpp */ = {isa = PBXFileReference; lastKnownFileType = sourcecode.cpp.cpp; path = main.cpp; sourceTree = "<group>"; };
/* End PBXFileReference section */

/* Begin PBXFrameworksBuildPhase section */
		338D76A01A2DEF8A003C4882 /* Frameworks */ = {
			isa = PBXFrameworksBuildPhase;
			buildActionMask = 2147483647;
			files = (
			);
			runOnlyForDeploymentPostprocessing = 0;
		};
/* End PBXFrameworksBuildPhase section */

/* Begin PBXGroup section */
		338D769A1A2DEF89003C4882 = {
			isa = PBXGroup;
			children = (
				338D76A51A2DEF8A003C4882 /* 2.1_binary */,
				338D76A41A2DEF8A003C4882 /* Products */,
			);
			sourceTree = "<group>";
		};
		338D76A41A2DEF8A003C4882 /* Products */ = {
			isa = PBXGroup;
			children = (
				338D76A31A2DEF8A003C4882 /* 2.1_binary */,
			);
			name = Products;
			sourceTree = "<group>";
		};
		338D76A51A2DEF8A003C4882 /* 2.1_binary */ = {
			isa = PBXGroup;
			children = (
				338D76A61A2DEF8A003C4882 /* main.cpp */,
			);
			path = 2.1_binary;
			sourceTree = "<group>";
		};
/* End PBXGroup section */

/* Begin PBXNativeTarget section */
		338D76A21A2DEF8A003C4882 /* 2.1_binary */ = {
			isa = PBXNativeTarget;
			buildConfigurationList = 338D76AA1A2DEF8A003C4882 /* Build configuration list for PBXNativeTarget "2.1_binary" */;
			buildPhases = (
				338D769F1A2DEF8A003C4882 /* Sources */,
				338D76A01A2DEF8A003C4882 /* Frameworks */,
				338D76A11A2DEF8A003C4882 /* CopyFiles */,
			);
			buildRules = (
			);
			dependencies = (
			);
			name = 2.1_binary;
			productName = 2.1_binary;
			productReference = 338D76A31A2DEF8A003C4882 /* 2.1_binary */;
			productType = "com.apple.product-type.tool";
		};
/* End PBXNativeTarget section */

/* Begin PBXProject section */
		338D769B1A2DEF89003C4882 /* Project object */ = {
			isa = PBXProject;
			attributes = {
				LastUpgradeCheck = 0610;
				ORGANIZATIONNAME = Dave_Zhou;
				TargetAttributes = {
					338D76A21A2DEF8A003C4882 = {
						CreatedOnToolsVersion = 6.1;
					};
				};
			};
			buildConfigurationList = 338D769E1A2DEF89003C4882 /* Build configuration list for PBXProject "2.1_binary" */;
			compatibilityVersion = "Xcode 3.2";
			developmentRegion = English;
			hasScannedForEncodings = 0;
			knownRegions = (
				en,
			);
			mainGroup = 338D769A1A2DEF89003C4882;
			productRefGroup = 338D76A41A2DEF8A003C4882 /* Products */;
			projectDirPath = "";
			projectRoot = "";
			targets = (
				338D76A21A2DEF8A003C4882 /* 2.1_binary */,
			);
		};
/* End PBXProject section */

/* Begin PBXSourcesBuildPhase section */
		338D769F1A2DEF8A003C4882 /* Sources */ = {
			isa = PBXSourcesBuildPhase;
			buildActionMask = 2147483647;
			files = (
				338D76A71A2DEF8A003C4882 /* main.cpp in Sources */,
			);
			runOnlyForDeploymentPostprocessing = 0;
		};
/* End PBXSourcesBuildPhase section */

/* Begin XCBuildConfiguration section */
		338D76A81A2DEF8A003C4882 /* Debug */ = {
			isa = XCBuildConfiguration;
			buildSettings = {
				ALWAYS_SEARCH_USER_PATHS = NO;
				CLANG_CXX_LANGUAGE_STANDARD = "gnu++0x";
				CLANG_CXX_LIBRARY = "libc++";
				CLANG_ENABLE_MODULES = YES;
				CLANG_ENABLE_OBJC_ARC = YES;
				CLANG_WARN_BOOL_CONVERSION = YES;
				CLANG_WARN_CONSTANT_CONVERSION = YES;
				CLANG_WARN_DIRECT_OBJC_ISA_USAGE = YES_ERROR;
				CLANG_WARN_EMPTY_BODY = YES;
				CLANG_WARN_ENUM_CONVERSION = YES;
				CLANG_WARN_INT_CONVERSION = YES;
				CLANG_WARN_OBJC_ROOT_CLASS = YES_ERROR;
				CLANG_WARN_UNREACHABLE_CODE = YES;
				CLANG_WARN__DUPLICATE_METHOD_MATCH = YES;
				COPY_PHASE_STRIP = NO;
				ENABLE_STRICT_OBJC_MSGSEND = YES;
				GCC_C_LANGUAGE_STANDARD = gnu99;
				GCC_DYNAMIC_NO_PIC = NO;
				GCC_OPTIMIZATION_LEVEL = 0;
				GCC_PREPROCESSOR_DEFINITIONS = (
					"DEBUG=1",
					"$(inherited)",
				);
				GCC_SYMBOLS_PRIVATE_EXTERN = NO;
				GCC_WARN_64_TO_32_BIT_CONVERSION = YES;
				GCC_WARN_ABOUT_RETURN_TYPE = YES_ERROR;
				GCC_WARN_UNDECLARED_SELECTOR = YES;
				GCC_WARN_UNINITIALIZED_AUTOS = YES_AGGRESSIVE;
				GCC_WARN_UNUSED_FUNCTION = YES;
				GCC_WARN_UNUSED_VARIABLE = YES;
				MACOSX_DEPLOYMENT_TARGET = 10.9;
				MTL_ENABLE_DEBUG_INFO = YES;
				ONLY_ACTIVE_ARCH = YES;
				SDKROOT = macosx;
			};
			name = Debug;
		};
		338D76A91A2DEF8A003C4882 /* Release */ = {
			isa = XCBuildConfiguration;
			buildSettings = {
				ALWAYS_SEARCH_USER_PATHS = NO;
				CLANG_CXX_LANGUAGE_STANDARD = "gnu++0x";
				CLANG_CXX_LIBRARY = "libc++";
				CLANG_ENABLE_MODULES = YES;
				CLANG_ENABLE_OBJC_ARC = YES;
				CLANG_WARN_BOOL_CONVERSION = YES;
				CLANG_WARN_CONSTANT_CONVERSION = YES;
				CLANG_WARN_DIRECT_OBJC_ISA_USAGE = YES_ERROR;
				CLANG_WARN_EMPTY_BODY = YES;
				CLANG_WARN_ENUM_CONVERSION = YES;
				CLANG_WARN_INT_CONVERSION = YES;
				CLANG_WARN_OBJC_ROOT_CLASS = YES_ERROR;
				CLANG_WARN_UNREACHABLE_CODE = YES;
				CLANG_WARN__DUPLICATE_METHOD_MATCH = YES;
				COPY_PHASE_STRIP = YES;
				DEBUG_INFORMATION_FORMAT = "dwarf-with-dsym";
				ENABLE_NS_ASSERTIONS = NO;
				ENABLE_STRICT_OBJC_MSGSEND = YES;
				GCC_C_LANGUAGE_STANDARD = gnu99;
				GCC_WARN_64_TO_32_BIT_CONVERSION = YES;
				GCC_WARN_ABOUT_RETURN_TYPE = YES_ERROR;
				GCC_WARN_UNDECLARED_SELECTOR = YES;
				GCC_WARN_UNINITIALIZED_AUTOS = YES_AGGRESSIVE;
				GCC_WARN_UNUSED_FUNCTION = YES;
				GCC_WARN_UNUSED_VARIABLE = YES;
				MACOSX_DEPLOYMENT_TARGET = 10.9;
				MTL_ENABLE_DEBUG_INFO = NO;
				SDKROOT = macosx;
			};
			name = Release;
		};
		338D76AB1A2DEF8A003C4882 /* Debug */ = {
			isa = XCBuildConfiguration;
			buildSettings = {
				PRODUCT_NAME = "$(TARGET_NAME)";
			};
			name = Debug;
		};
		338D76AC1A2DEF8A003C4882 /* Release */ = {
			isa = XCBuildConfiguration;
			buildSettings = {
				PRODUCT_NAME = "$(TARGET_NAME)";
			};
			name = Release;
		};
/* End XCBuildConfiguration section */

/* Begin XCConfigurationList section */
		338D769E1A2DEF89003C4882 /* Build configuration list for PBXProject "2.1_binary" */ = {
			isa = XCConfigurationList;
			buildConfigurations = (
				338D76A81A2DEF8A003C4882 /* Debug */,
				338D76A91A2DEF8A003C4882 /* Release */,
			);
			defaultConfigurationIsVisible = 0;
			defaultConfigurationName = Release;
		};
		338D76AA1A2DEF8A003C4882 /* Build configuration list for PBXNativeTarget "2.1_binary" */ = {
			isa = XCConfigurationList;
			buildConfigurations = (
				338D76AB1A2DEF8A003C4882 /* Debug */,
				338D76AC1A2DEF8A003C4882 /* Release */,
			);
			defaultConfigurationIsVisible = 0;
		};
/* End XCConfigurationList section */
	};
	rootObject = 338D769B1A2DEF89003C4882 /* Project object */;
}
